// !$*UTF8*$!
{
	archiveVersion = 1;
	classes = {
	};
	objectVersion = 46;
	objects = {

/* Begin PBXBuildFile section */
		115B724CB83A45E685C6DDDC /* libPods.a in Frameworks */ = {isa = PBXBuildFile; fileRef = 0AC6BEB0F7D54BB6BD5FCB65 /* libPods.a */; };
		21486C3018E381280017D4EB /* PhotoCell.m in Sources */ = {isa = PBXBuildFile; fileRef = 21486C2F18E381280017D4EB /* PhotoCell.m */; };
		2151582318E89AE200EC0799 /* PhotoController.m in Sources */ = {isa = PBXBuildFile; fileRef = 2151582218E89AE200EC0799 /* PhotoController.m */; };
		21ADD1B418E0FA0100EA78D9 /* Foundation.framework in Frameworks */ = {isa = PBXBuildFile; fileRef = 21ADD1B318E0FA0100EA78D9 /* Foundation.framework */; };
		21ADD1B618E0FA0100EA78D9 /* CoreGraphics.framework in Frameworks */ = {isa = PBXBuildFile; fileRef = 21ADD1B518E0FA0100EA78D9 /* CoreGraphics.framework */; };
		21ADD1B818E0FA0100EA78D9 /* UIKit.framework in Frameworks */ = {isa = PBXBuildFile; fileRef = 21ADD1B718E0FA0100EA78D9 /* UIKit.framework */; };
		21ADD1BE18E0FA0100EA78D9 /* InfoPlist.strings in Resources */ = {isa = PBXBuildFile; fileRef = 21ADD1BC18E0FA0100EA78D9 /* InfoPlist.strings */; };
		21ADD1C018E0FA0100EA78D9 /* main.m in Sources */ = {isa = PBXBuildFile; fileRef = 21ADD1BF18E0FA0100EA78D9 /* main.m */; };
		21ADD1C418E0FA0100EA78D9 /* AppDelegate.m in Sources */ = {isa = PBXBuildFile; fileRef = 21ADD1C318E0FA0100EA78D9 /* AppDelegate.m */; };
		21ADD1C618E0FA0100EA78D9 /* Images.xcassets in Resources */ = {isa = PBXBuildFile; fileRef = 21ADD1C518E0FA0100EA78D9 /* Images.xcassets */; };
		21ADD1CD18E0FA0100EA78D9 /* XCTest.framework in Frameworks */ = {isa = PBXBuildFile; fileRef = 21ADD1CC18E0FA0100EA78D9 /* XCTest.framework */; };
		21ADD1CE18E0FA0100EA78D9 /* Foundation.framework in Frameworks */ = {isa = PBXBuildFile; fileRef = 21ADD1B318E0FA0100EA78D9 /* Foundation.framework */; };
		21ADD1CF18E0FA0100EA78D9 /* UIKit.framework in Frameworks */ = {isa = PBXBuildFile; fileRef = 21ADD1B718E0FA0100EA78D9 /* UIKit.framework */; };
		21ADD1D718E0FA0100EA78D9 /* InfoPlist.strings in Resources */ = {isa = PBXBuildFile; fileRef = 21ADD1D518E0FA0100EA78D9 /* InfoPlist.strings */; };
		21ADD1D918E0FA0100EA78D9 /* Photo_BombersTests.m in Sources */ = {isa = PBXBuildFile; fileRef = 21ADD1D818E0FA0100EA78D9 /* Photo_BombersTests.m */; };
		21ADD1E418E0FA5100EA78D9 /* PhotosViewController.m in Sources */ = {isa = PBXBuildFile; fileRef = 21ADD1E318E0FA5100EA78D9 /* PhotosViewController.m */; };
/* End PBXBuildFile section */

/* Begin PBXContainerItemProxy section */
		21ADD1D018E0FA0100EA78D9 /* PBXContainerItemProxy */ = {
			isa = PBXContainerItemProxy;
			containerPortal = 21ADD1A818E0FA0100EA78D9 /* Project object */;
			proxyType = 1;
			remoteGlobalIDString = 21ADD1AF18E0FA0100EA78D9;
			remoteInfo = "Photo Bombers";
		};
/* End PBXContainerItemProxy section */

/* Begin PBXFileReference section */
		0AC6BEB0F7D54BB6BD5FCB65 /* libPods.a */ = {isa = PBXFileReference; explicitFileType = archive.ar; includeInIndex = 0; path = libPods.a; sourceTree = BUILT_PRODUCTS_DIR; };
		213BE2FB18E4DC49006AD513 /* Podfile */ = {isa = PBXFileReference; lastKnownFileType = text; path = Podfile; sourceTree = "<group>"; };
		21486C2E18E381280017D4EB /* PhotoCell.h */ = {isa = PBXFileReference; fileEncoding = 4; lastKnownFileType = sourcecode.c.h; path = PhotoCell.h; sourceTree = "<group>"; };
		21486C2F18E381280017D4EB /* PhotoCell.m */ = {isa = PBXFileReference; fileEncoding = 4; lastKnownFileType = sourcecode.c.objc; path = PhotoCell.m; sourceTree = "<group>"; };
		2151582118E89AE200EC0799 /* PhotoController.h */ = {isa = PBXFileReference; fileEncoding = 4; lastKnownFileType = sourcecode.c.h; path = PhotoController.h; sourceTree = "<group>"; };
		2151582218E89AE200EC0799 /* PhotoController.m */ = {isa = PBXFileReference; fileEncoding = 4; lastKnownFileType = sourcecode.c.objc; path = PhotoController.m; sourceTree = "<group>"; };
		21ADD1B018E0FA0100EA78D9 /* Photo Bombers.app */ = {isa = PBXFileReference; explicitFileType = wrapper.application; includeInIndex = 0; path = "Photo Bombers.app"; sourceTree = BUILT_PRODUCTS_DIR; };
		21ADD1B318E0FA0100EA78D9 /* Foundation.framework */ = {isa = PBXFileReference; lastKnownFileType = wrapper.framework; name = Foundation.framework; path = System/Library/Frameworks/Foundation.framework; sourceTree = SDKROOT; };
		21ADD1B518E0FA0100EA78D9 /* CoreGraphics.framework */ = {isa = PBXFileReference; lastKnownFileType = wrapper.framework; name = CoreGraphics.framework; path = System/Library/Frameworks/CoreGraphics.framework; sourceTree = SDKROOT; };
		21ADD1B718E0FA0100EA78D9 /* UIKit.framework */ = {isa = PBXFileReference; lastKnownFileType = wrapper.framework; name = UIKit.framework; path = System/Library/Frameworks/UIKit.framework; sourceTree = SDKROOT; };
		21ADD1BB18E0FA0100EA78D9 /* Photo Bombers-Info.plist */ = {isa = PBXFileReference; lastKnownFileType = text.plist.xml; path = "Photo Bombers-Info.plist"; sourceTree = "<group>"; };
		21ADD1BD18E0FA0100EA78D9 /* en */ = {isa = PBXFileReference; lastKnownFileType = text.plist.strings; name = en; path = en.lproj/InfoPlist.strings; sourceTree = "<group>"; };
		21ADD1BF18E0FA0100EA78D9 /* main.m */ = {isa = PBXFileReference; lastKnownFileType = sourcecode.c.objc; path = main.m; sourceTree = "<group>"; };
		21ADD1C118E0FA0100EA78D9 /* Photo Bombers-Prefix.pch */ = {isa = PBXFileReference; lastKnownFileType = sourcecode.c.h; path = "Photo Bombers-Prefix.pch"; sourceTree = "<group>"; };
		21ADD1C218E0FA0100EA78D9 /* AppDelegate.h */ = {isa = PBXFileReference; lastKnownFileType = sourcecode.c.h; path = AppDelegate.h; sourceTree = "<group>"; };
		21ADD1C318E0FA0100EA78D9 /* AppDelegate.m */ = {isa = PBXFileReference; lastKnownFileType = sourcecode.c.objc; path = AppDelegate.m; sourceTree = "<group>"; };
		21ADD1C518E0FA0100EA78D9 /* Images.xcassets */ = {isa = PBXFileReference; lastKnownFileType = folder.assetcatalog; path = Images.xcassets; sourceTree = "<group>"; };
		21ADD1CB18E0FA0100EA78D9 /* Photo BombersTests.xctest */ = {isa = PBXFileReference; explicitFileType = wrapper.cfbundle; includeInIndex = 0; path = "Photo BombersTests.xctest"; sourceTree = BUILT_PRODUCTS_DIR; };
		21ADD1CC18E0FA0100EA78D9 /* XCTest.framework */ = {isa = PBXFileReference; lastKnownFileType = wrapper.framework; name = XCTest.framework; path = Library/Frameworks/XCTest.framework; sourceTree = DEVELOPER_DIR; };
		21ADD1D418E0FA0100EA78D9 /* Photo BombersTests-Info.plist */ = {isa = PBXFileReference; lastKnownFileType = text.plist.xml; path = "Photo BombersTests-Info.plist"; sourceTree = "<group>"; };
		21ADD1D618E0FA0100EA78D9 /* en */ = {isa = PBXFileReference; lastKnownFileType = text.plist.strings; name = en; path = en.lproj/InfoPlist.strings; sourceTree = "<group>"; };
		21ADD1D818E0FA0100EA78D9 /* Photo_BombersTests.m */ = {isa = PBXFileReference; lastKnownFileType = sourcecode.c.objc; path = Photo_BombersTests.m; sourceTree = "<group>"; };
		21ADD1E218E0FA5100EA78D9 /* PhotosViewController.h */ = {isa = PBXFileReference; fileEncoding = 4; lastKnownFileType = sourcecode.c.h; path = PhotosViewController.h; sourceTree = "<group>"; };
		21ADD1E318E0FA5100EA78D9 /* PhotosViewController.m */ = {isa = PBXFileReference; fileEncoding = 4; lastKnownFileType = sourcecode.c.objc; path = PhotosViewController.m; sourceTree = "<group>"; };
		F6FD5B21927D4DFEA9482183 /* Pods.xcconfig */ = {isa = PBXFileReference; includeInIndex = 1; lastKnownFileType = text.xcconfig; name = Pods.xcconfig; path = Pods/Pods.xcconfig; sourceTree = "<group>"; };
/* End PBXFileReference section */

/* Begin PBXFrameworksBuildPhase section */
		21ADD1AD18E0FA0100EA78D9 /* Frameworks */ = {
			isa = PBXFrameworksBuildPhase;
			buildActionMask = 2147483647;
			files = (
				21ADD1B618E0FA0100EA78D9 /* CoreGraphics.framework in Frameworks */,
				21ADD1B818E0FA0100EA78D9 /* UIKit.framework in Frameworks */,
				21ADD1B418E0FA0100EA78D9 /* Foundation.framework in Frameworks */,
				115B724CB83A45E685C6DDDC /* libPods.a in Frameworks */,
			);
			runOnlyForDeploymentPostprocessing = 0;
		};
		21ADD1C818E0FA0100EA78D9 /* Frameworks */ = {
			isa = PBXFrameworksBuildPhase;
			buildActionMask = 2147483647;
			files = (
				21ADD1CD18E0FA0100EA78D9 /* XCTest.framework in Frameworks */,
				21ADD1CF18E0FA0100EA78D9 /* UIKit.framework in Frameworks */,
				21ADD1CE18E0FA0100EA78D9 /* Foundation.framework in Frameworks */,
			);
			runOnlyForDeploymentPostprocessing = 0;
		};
/* End PBXFrameworksBuildPhase section */

/* Begin PBXGroup section */
		21ADD1A718E0FA0100EA78D9 = {
			isa = PBXGroup;
			children = (
				213BE2FB18E4DC49006AD513 /* Podfile */,
				21ADD1B918E0FA0100EA78D9 /* Photo Bombers */,
				21ADD1D218E0FA0100EA78D9 /* Photo BombersTests */,
				21ADD1B218E0FA0100EA78D9 /* Frameworks */,
				21ADD1B118E0FA0100EA78D9 /* Products */,
				F6FD5B21927D4DFEA9482183 /* Pods.xcconfig */,
			);
			sourceTree = "<group>";
		};
		21ADD1B118E0FA0100EA78D9 /* Products */ = {
			isa = PBXGroup;
			children = (
				21ADD1B018E0FA0100EA78D9 /* Photo Bombers.app */,
				21ADD1CB18E0FA0100EA78D9 /* Photo BombersTests.xctest */,
			);
			name = Products;
			sourceTree = "<group>";
		};
		21ADD1B218E0FA0100EA78D9 /* Frameworks */ = {
			isa = PBXGroup;
			children = (
				21ADD1B318E0FA0100EA78D9 /* Foundation.framework */,
				21ADD1B518E0FA0100EA78D9 /* CoreGraphics.framework */,
				21ADD1B718E0FA0100EA78D9 /* UIKit.framework */,
				21ADD1CC18E0FA0100EA78D9 /* XCTest.framework */,
				0AC6BEB0F7D54BB6BD5FCB65 /* libPods.a */,
			);
			name = Frameworks;
			sourceTree = "<group>";
		};
		21ADD1B918E0FA0100EA78D9 /* Photo Bombers */ = {
			isa = PBXGroup;
			children = (
				21ADD1C218E0FA0100EA78D9 /* AppDelegate.h */,
				21ADD1C318E0FA0100EA78D9 /* AppDelegate.m */,
				21ADD1C518E0FA0100EA78D9 /* Images.xcassets */,
				21ADD1BA18E0FA0100EA78D9 /* Supporting Files */,
				21ADD1E218E0FA5100EA78D9 /* PhotosViewController.h */,
				21ADD1E318E0FA5100EA78D9 /* PhotosViewController.m */,
				21486C2E18E381280017D4EB /* PhotoCell.h */,
				21486C2F18E381280017D4EB /* PhotoCell.m */,
				2151582118E89AE200EC0799 /* PhotoController.h */,
				2151582218E89AE200EC0799 /* PhotoController.m */,
			);
			path = "Photo Bombers";
			sourceTree = "<group>";
		};
		21ADD1BA18E0FA0100EA78D9 /* Supporting Files */ = {
			isa = PBXGroup;
			children = (
				21ADD1BB18E0FA0100EA78D9 /* Photo Bombers-Info.plist */,
				21ADD1BC18E0FA0100EA78D9 /* InfoPlist.strings */,
				21ADD1BF18E0FA0100EA78D9 /* main.m */,
				21ADD1C118E0FA0100EA78D9 /* Photo Bombers-Prefix.pch */,
			);
			name = "Supporting Files";
			sourceTree = "<group>";
		};
		21ADD1D218E0FA0100EA78D9 /* Photo BombersTests */ = {
			isa = PBXGroup;
			children = (
				21ADD1D818E0FA0100EA78D9 /* Photo_BombersTests.m */,
				21ADD1D318E0FA0100EA78D9 /* Supporting Files */,
			);
			path = "Photo BombersTests";
			sourceTree = "<group>";
		};
		21ADD1D318E0FA0100EA78D9 /* Supporting Files */ = {
			isa = PBXGroup;
			children = (
				21ADD1D418E0FA0100EA78D9 /* Photo BombersTests-Info.plist */,
				21ADD1D518E0FA0100EA78D9 /* InfoPlist.strings */,
			);
			name = "Supporting Files";
			sourceTree = "<group>";
		};
/* End PBXGroup section */

/* Begin PBXNativeTarget section */
		21ADD1AF18E0FA0100EA78D9 /* Photo Bombers */ = {
			isa = PBXNativeTarget;
			buildConfigurationList = 21ADD1DC18E0FA0100EA78D9 /* Build configuration list for PBXNativeTarget "Photo Bombers" */;
			buildPhases = (
				A5BD7A2AE1674DF0B361BE7C /* Check Pods Manifest.lock */,
				21ADD1AC18E0FA0100EA78D9 /* Sources */,
				21ADD1AD18E0FA0100EA78D9 /* Frameworks */,
				21ADD1AE18E0FA0100EA78D9 /* Resources */,
				1878842143EE45BCB06783EA /* Copy Pods Resources */,
			);
			buildRules = (
			);
			dependencies = (
			);
			name = "Photo Bombers";
			productName = "Photo Bombers";
			productReference = 21ADD1B018E0FA0100EA78D9 /* Photo Bombers.app */;
			productType = "com.apple.product-type.application";
		};
		21ADD1CA18E0FA0100EA78D9 /* Photo BombersTests */ = {
			isa = PBXNativeTarget;
			buildConfigurationList = 21ADD1DF18E0FA0100EA78D9 /* Build configuration list for PBXNativeTarget "Photo BombersTests" */;
			buildPhases = (
				21ADD1C718E0FA0100EA78D9 /* Sources */,
				21ADD1C818E0FA0100EA78D9 /* Frameworks */,
				21ADD1C918E0FA0100EA78D9 /* Resources */,
			);
			buildRules = (
			);
			dependencies = (
				21ADD1D118E0FA0100EA78D9 /* PBXTargetDependency */,
			);
			name = "Photo BombersTests";
			productName = "Photo BombersTests";
			productReference = 21ADD1CB18E0FA0100EA78D9 /* Photo BombersTests.xctest */;
			productType = "com.apple.product-type.bundle.unit-test";
		};
/* End PBXNativeTarget section */

/* Begin PBXProject section */
		21ADD1A818E0FA0100EA78D9 /* Project object */ = {
			isa = PBXProject;
			attributes = {
				LastUpgradeCheck = 0510;
				ORGANIZATIONNAME = Mav3r1ck;
				TargetAttributes = {
					21ADD1CA18E0FA0100EA78D9 = {
						TestTargetID = 21ADD1AF18E0FA0100EA78D9;
					};
				};
			};
			buildConfigurationList = 21ADD1AB18E0FA0100EA78D9 /* Build configuration list for PBXProject "Photo Bombers" */;
			compatibilityVersion = "Xcode 3.2";
			developmentRegion = English;
			hasScannedForEncodings = 0;
			knownRegions = (
				en,
			);
			mainGroup = 21ADD1A718E0FA0100EA78D9;
			productRefGroup = 21ADD1B118E0FA0100EA78D9 /* Products */;
			projectDirPath = "";
			projectRoot = "";
			targets = (
				21ADD1AF18E0FA0100EA78D9 /* Photo Bombers */,
				21ADD1CA18E0FA0100EA78D9 /* Photo BombersTests */,
			);
		};
/* End PBXProject section */

/* Begin PBXResourcesBuildPhase section */
		21ADD1AE18E0FA0100EA78D9 /* Resources */ = {
			isa = PBXResourcesBuildPhase;
			buildActionMask = 2147483647;
			files = (
				21ADD1BE18E0FA0100EA78D9 /* InfoPlist.strings in Resources */,
				21ADD1C618E0FA0100EA78D9 /* Images.xcassets in Resources */,
			);
			runOnlyForDeploymentPostprocessing = 0;
		};
		21ADD1C918E0FA0100EA78D9 /* Resources */ = {
			isa = PBXResourcesBuildPhase;
			buildActionMask = 2147483647;
			files = (
				21ADD1D718E0FA0100EA78D9 /* InfoPlist.strings in Resources */,
			);
			runOnlyForDeploymentPostprocessing = 0;
		};
/* End PBXResourcesBuildPhase section */

/* Begin PBXShellScriptBuildPhase section */
		1878842143EE45BCB06783EA /* Copy Pods Resources */ = {
			isa = PBXShellScriptBuildPhase;
			buildActionMask = 2147483647;
			files = (
			);
			inputPaths = (
			);
			name = "Copy Pods Resources";
			outputPaths = (
			);
			runOnlyForDeploymentPostprocessing = 0;
			shellPath = /bin/sh;
			shellScript = "\"${SRCROOT}/Pods/Pods-resources.sh\"\n";
			showEnvVarsInLog = 0;
		};
		A5BD7A2AE1674DF0B361BE7C /* Check Pods Manifest.lock */ = {
			isa = PBXShellScriptBuildPhase;
			buildActionMask = 2147483647;
			files = (
			);
			inputPaths = (
			);
			name = "Check Pods Manifest.lock";
			outputPaths = (
			);
			runOnlyForDeploymentPostprocessing = 0;
			shellPath = /bin/sh;
			shellScript = "diff \"${PODS_ROOT}/../Podfile.lock\" \"${PODS_ROOT}/Manifest.lock\" > /dev/null\nif [[ $? != 0 ]] ; then\n    cat << EOM\nerror: The sandbox is not in sync with the Podfile.lock. Run 'pod install' or update your CocoaPods installation.\nEOM\n    exit 1\nfi\n";
			showEnvVarsInLog = 0;
		};
/* End PBXShellScriptBuildPhase section */

/* Begin PBXSourcesBuildPhase section */
		21ADD1AC18E0FA0100EA78D9 /* Sources */ = {
			isa = PBXSourcesBuildPhase;
			buildActionMask = 2147483647;
			files = (
				21486C3018E381280017D4EB /* PhotoCell.m in Sources */,
				21ADD1C418E0FA0100EA78D9 /* AppDelegate.m in Sources */,
				21ADD1E418E0FA5100EA78D9 /* PhotosViewController.m in Sources */,
				21ADD1C018E0FA0100EA78D9 /* main.m in Sources */,
				2151582318E89AE200EC0799 /* PhotoController.m in Sources */,
			);
			runOnlyForDeploymentPostprocessing = 0;
		};
		21ADD1C718E0FA0100EA78D9 /* Sources */ = {
			isa = PBXSourcesBuildPhase;
			buildActionMask = 2147483647;
			files = (
				21ADD1D918E0FA0100EA78D9 /* Photo_BombersTests.m in Sources */,
			);
			runOnlyForDeploymentPostprocessing = 0;
		};
/* End PBXSourcesBuildPhase section */

/* Begin PBXTargetDependency section */
		21ADD1D118E0FA0100EA78D9 /* PBXTargetDependency */ = {
			isa = PBXTargetDependency;
			target = 21ADD1AF18E0FA0100EA78D9 /* Photo Bombers */;
			targetProxy = 21ADD1D018E0FA0100EA78D9 /* PBXContainerItemProxy */;
		};
/* End PBXTargetDependency section */

/* Begin PBXVariantGroup section */
		21ADD1BC18E0FA0100EA78D9 /* InfoPlist.strings */ = {
			isa = PBXVariantGroup;
			children = (
				21ADD1BD18E0FA0100EA78D9 /* en */,
			);
			name = InfoPlist.strings;
			sourceTree = "<group>";
		};
		21ADD1D518E0FA0100EA78D9 /* InfoPlist.strings */ = {
			isa = PBXVariantGroup;
			children = (
				21ADD1D618E0FA0100EA78D9 /* en */,
			);
			name = InfoPlist.strings;
			sourceTree = "<group>";
		};
/* End PBXVariantGroup section */

/* Begin XCBuildConfiguration section */
		21ADD1DA18E0FA0100EA78D9 /* Debug */ = {
			isa = XCBuildConfiguration;
			buildSettings = {
				ALWAYS_SEARCH_USER_PATHS = NO;
				CLANG_CXX_LANGUAGE_STANDARD = "gnu++0x";
				CLANG_CXX_LIBRARY = "libc++";
				CLANG_ENABLE_MODULES = YES;
				CLANG_ENABLE_OBJC_ARC = YES;
				CLANG_WARN_BOOL_CONVERSION = YES;
				CLANG_WARN_CONSTANT_CONVERSION = YES;
				CLANG_WARN_DIRECT_OBJC_ISA_USAGE = YES_ERROR;
				CLANG_WARN_EMPTY_BODY = YES;
				CLANG_WARN_ENUM_CONVERSION = YES;
				CLANG_WARN_INT_CONVERSION = YES;
				CLANG_WARN_OBJC_ROOT_CLASS = YES_ERROR;
				CLANG_WARN__DUPLICATE_METHOD_MATCH = YES;
				"CODE_SIGN_IDENTITY[sdk=iphoneos*]" = "iPhone Developer";
				COPY_PHASE_STRIP = NO;
				GCC_C_LANGUAGE_STANDARD = gnu99;
				GCC_DYNAMIC_NO_PIC = NO;
				GCC_OPTIMIZATION_LEVEL = 0;
				GCC_PREPROCESSOR_DEFINITIONS = (
					"DEBUG=1",
					"$(inherited)",
				);
				GCC_SYMBOLS_PRIVATE_EXTERN = NO;
				GCC_WARN_64_TO_32_BIT_CONVERSION = YES;
				GCC_WARN_ABOUT_RETURN_TYPE = YES_ERROR;
				GCC_WARN_UNDECLARED_SELECTOR = YES;
				GCC_WARN_UNINITIALIZED_AUTOS = YES_AGGRESSIVE;
				GCC_WARN_UNUSED_FUNCTION = YES;
				GCC_WARN_UNUSED_VARIABLE = YES;
				IPHONEOS_DEPLOYMENT_TARGET = 7.1;
				ONLY_ACTIVE_ARCH = YES;
				SDKROOT = iphoneos;
			};
			name = Debug;
		};
		21ADD1DB18E0FA0100EA78D9 /* Release */ = {
			isa = XCBuildConfiguration;
			buildSettings = {
				ALWAYS_SEARCH_USER_PATHS = NO;
				CLANG_CXX_LANGUAGE_STANDARD = "gnu++0x";
				CLANG_CXX_LIBRARY = "libc++";
				CLANG_ENABLE_MODULES = YES;
				CLANG_ENABLE_OBJC_ARC = YES;
				CLANG_WARN_BOOL_CONVERSION = YES;
				CLANG_WARN_CONSTANT_CONVERSION = YES;
				CLANG_WARN_DIRECT_OBJC_ISA_USAGE = YES_ERROR;
				CLANG_WARN_EMPTY_BODY = YES;
				CLANG_WARN_ENUM_CONVERSION = YES;
				CLANG_WARN_INT_CONVERSION = YES;
				CLANG_WARN_OBJC_ROOT_CLASS = YES_ERROR;
				CLANG_WARN__DUPLICATE_METHOD_MATCH = YES;
				"CODE_SIGN_IDENTITY[sdk=iphoneos*]" = "iPhone Developer";
				COPY_PHASE_STRIP = YES;
				ENABLE_NS_ASSERTIONS = NO;
				GCC_C_LANGUAGE_STANDARD = gnu99;
				GCC_WARN_64_TO_32_BIT_CONVERSION = YES;
				GCC_WARN_ABOUT_RETURN_TYPE = YES_ERROR;
				GCC_WARN_UNDECLARED_SELECTOR = YES;
				GCC_WARN_UNINITIALIZED_AUTOS = YES_AGGRESSIVE;
				GCC_WARN_UNUSED_FUNCTION = YES;
				GCC_WARN_UNUSED_VARIABLE = YES;
				IPHONEOS_DEPLOYMENT_TARGET = 7.1;
				SDKROOT = iphoneos;
				VALIDATE_PRODUCT = YES;
			};
			name = Release;
		};
		21ADD1DD18E0FA0100EA78D9 /* Debug */ = {
			isa = XCBuildConfiguration;
			baseConfigurationReference = F6FD5B21927D4DFEA9482183 /* Pods.xcconfig */;
			buildSettings = {
				ASSETCATALOG_COMPILER_APPICON_NAME = AppIcon;
				ASSETCATALOG_COMPILER_LAUNCHIMAGE_NAME = LaunchImage;
				GCC_PRECOMPILE_PREFIX_HEADER = YES;
				GCC_PREFIX_HEADER = "Photo Bombers/Photo Bombers-Prefix.pch";
				INFOPLIST_FILE = "Photo Bombers/Photo Bombers-Info.plist";
				PRODUCT_NAME = "$(TARGET_NAME)";
				WRAPPER_EXTENSION = app;
			};
			name = Debug;
		};
		21ADD1DE18E0FA0100EA78D9 /* Release */ = {
			isa = XCBuildConfiguration;
			baseConfigurationReference = F6FD5B21927D4DFEA9482183 /* Pods.xcconfig */;
			buildSettings = {
				ASSETCATALOG_COMPILER_APPICON_NAME = AppIcon;
				ASSETCATALOG_COMPILER_LAUNCHIMAGE_NAME = LaunchImage;
				GCC_PRECOMPILE_PREFIX_HEADER = YES;
				GCC_PREFIX_HEADER = "Photo Bombers/Photo Bombers-Prefix.pch";
				INFOPLIST_FILE = "Photo Bombers/Photo Bombers-Info.plist";
				PRODUCT_NAME = "$(TARGET_NAME)";
				WRAPPER_EXTENSION = app;
			};
			name = Release;
		};
		21ADD1E018E0FA0100EA78D9 /* Debug */ = {
			isa = XCBuildConfiguration;
			buildSettings = {
				BUNDLE_LOADER = "$(BUILT_PRODUCTS_DIR)/Photo Bombers.app/Photo Bombers";
				FRAMEWORK_SEARCH_PATHS = (
					"$(SDKROOT)/Developer/Library/Frameworks",
					"$(inherited)",
					"$(DEVELOPER_FRAMEWORKS_DIR)",
				);
				GCC_PRECOMPILE_PREFIX_HEADER = YES;
				GCC_PREFIX_HEADER = "Photo Bombers/Photo Bombers-Prefix.pch";
				GCC_PREPROCESSOR_DEFINITIONS = (
					"DEBUG=1",
					"$(inherited)",
				);
				INFOPLIST_FILE = "Photo BombersTests/Photo BombersTests-Info.plist";
				PRODUCT_NAME = "$(TARGET_NAME)";
				TEST_HOST = "$(BUNDLE_LOADER)";
				WRAPPER_EXTENSION = xctest;
			};
			name = Debug;
		};
		21ADD1E118E0FA0100EA78D9 /* Release */ = {
			isa = XCBuildConfiguration;
			buildSettings = {
				BUNDLE_LOADER = "$(BUILT_PRODUCTS_DIR)/Photo Bombers.app/Photo Bombers";
				FRAMEWORK_SEARCH_PATHS = (
					"$(SDKROOT)/Developer/Library/Frameworks",
					"$(inherited)",
					"$(DEVELOPER_FRAMEWORKS_DIR)",
				);
				GCC_PRECOMPILE_PREFIX_HEADER = YES;
				GCC_PREFIX_HEADER = "Photo Bombers/Photo Bombers-Prefix.pch";
				INFOPLIST_FILE = "Photo BombersTests/Photo BombersTests-Info.plist";
				PRODUCT_NAME = "$(TARGET_NAME)";
				TEST_HOST = "$(BUNDLE_LOADER)";
				WRAPPER_EXTENSION = xctest;
			};
			name = Release;
		};
/* End XCBuildConfiguration section */

/* Begin XCConfigurationList section */
		21ADD1AB18E0FA0100EA78D9 /* Build configuration list for PBXProject "Photo Bombers" */ = {
			isa = XCConfigurationList;
			buildConfigurations = (
				21ADD1DA18E0FA0100EA78D9 /* Debug */,
				21ADD1DB18E0FA0100EA78D9 /* Release */,
			);
			defaultConfigurationIsVisible = 0;
			defaultConfigurationName = Release;
		};
		21ADD1DC18E0FA0100EA78D9 /* Build configuration list for PBXNativeTarget "Photo Bombers" */ = {
			isa = XCConfigurationList;
			buildConfigurations = (
				21ADD1DD18E0FA0100EA78D9 /* Debug */,
				21ADD1DE18E0FA0100EA78D9 /* Release */,
			);
			defaultConfigurationIsVisible = 0;
			defaultConfigurationName = Release;
		};
		21ADD1DF18E0FA0100EA78D9 /* Build configuration list for PBXNativeTarget "Photo BombersTests" */ = {
			isa = XCConfigurationList;
			buildConfigurations = (
				21ADD1E018E0FA0100EA78D9 /* Debug */,
				21ADD1E118E0FA0100EA78D9 /* Release */,
			);
			defaultConfigurationIsVisible = 0;
			defaultConfigurationName = Release;
		};
/* End XCConfigurationList section */
	};
	rootObject = 21ADD1A818E0FA0100EA78D9 /* Project object */;
}
